# This file is automatically @generated by pesde.
# It is not intended for manual editing.
format = 2
name = "story_bakery/dynamic_timer"
version = "0.1.0"
target = "roblox"

[graph."0x5eal/unzip@0.2.0 luau".pkg_ref]
ref_ty = "pesde"
index_url = "https://github.com/pesde-pkg/index"

[graph."0x5eal/unzip@0.2.0 luau".pkg_ref.dependencies]
asciitable = [{ name = "kimpure/asciitable", version = "^0.2.3", index = "https://github.com/pesde-pkg/index" }, "dev"]
dirs = [{ name = "jiwonz/dirs", version = "^0.6.0", index = "https://github.com/pesde-pkg/index", target = "lune" }, "dev"]
frktest = [{ name = "itsfrank/frktest", version = "^0.0.4", index = "https://github.com/pesde-pkg/index" }, "dev"]
luau-lsp = [{ name = "pesde/luau_lsp", version = "=1.53.2", index = "https://github.com/pesde-pkg/index", target = "lune" }, "dev"]
stylua = [{ name = "pesde/stylua", version = "=2.1.0", index = "https://github.com/pesde-pkg/index", target = "lune" }, "dev"]

[graph."jiwonz/dirs@0.6.0 lune".dependencies]
greentea = ["jiwonz/greentea_luau@0.2.0 luau", "standard"]
pathfs = ["jiwonz/pathfs@0.6.0 lune", "standard"]

[graph."jiwonz/dirs@0.6.0 lune".pkg_ref]
ref_ty = "pesde"
index_url = "https://github.com/pesde-pkg/index"

[graph."jiwonz/dirs@0.6.0 lune".pkg_ref.dependencies]
greentea = [{ name = "jiwonz/greentea_luau", version = "^0.2.0", index = "https://github.com/pesde-pkg/index", target = "luau" }, "standard"]
pathfs = [{ name = "jiwonz/pathfs", version = "^0.6.0", index = "https://github.com/pesde-pkg/index" }, "standard"]

[graph."jiwonz/greentea_luau@0.2.0 luau".pkg_ref]
ref_ty = "pesde"
index_url = "https://github.com/pesde-pkg/index"

[graph."jiwonz/luau_disk@0.2.0 luau".pkg_ref]
ref_ty = "pesde"
index_url = "https://github.com/pesde-pkg/index"

[graph."jiwonz/luau_path@0.2.0 luau".dependencies]
luau_disk = ["jiwonz/luau_disk@0.2.0 luau", "standard"]

[graph."jiwonz/luau_path@0.2.0 luau".pkg_ref]
ref_ty = "pesde"
index_url = "https://github.com/pesde-pkg/index"

[graph."jiwonz/luau_path@0.2.0 luau".pkg_ref.dependencies]
luau_disk = [{ name = "jiwonz/luau_disk", version = "^0.2.0", index = "https://github.com/pesde-pkg/index" }, "standard"]

[graph."jiwonz/pathfs@0.6.0 lune".dependencies]
greentea = ["jiwonz/greentea_luau@0.2.0 luau", "standard"]
luau_path = ["jiwonz/luau_path@0.2.0 luau", "standard"]

[graph."jiwonz/pathfs@0.6.0 lune".pkg_ref]
ref_ty = "pesde"
index_url = "https://github.com/pesde-pkg/index"

[graph."jiwonz/pathfs@0.6.0 lune".pkg_ref.dependencies]
frktest = [{ name = "itsfrank/frktest", version = "^0.0.4", index = "https://github.com/pesde-pkg/index", target = "luau" }, "dev"]
greentea = [{ name = "jiwonz/greentea_luau", version = "^0.2.0", index = "https://github.com/pesde-pkg/index", target = "luau" }, "standard"]
luau_path = [{ name = "jiwonz/luau_path", version = "^0.2.0", index = "https://github.com/pesde-pkg/index", target = "luau" }, "standard"]

[graph."lukadev_0/option@1.2.1 lune".pkg_ref]
ref_ty = "pesde"
index_url = "https://github.com/pesde-pkg/index"

[graph."lukadev_0/result@1.2.1 lune".pkg_ref]
ref_ty = "pesde"
index_url = "https://github.com/pesde-pkg/index"

[graph."pesde/rojo@7.6.1 lune"]
direct = ["rojo", { name = "pesde/rojo", version = "^7.5.1", index = "default", target = "lune" }, "dev"]

[graph."pesde/rojo@7.6.1 lune".dependencies]
option = ["lukadev_0/option@1.2.1 lune", "standard"]
result = ["lukadev_0/result@1.2.1 lune", "standard"]
toolchainlib = ["pesde/toolchainlib@0.2.2 lune", "standard"]

[graph."pesde/rojo@7.6.1 lune".pkg_ref]
ref_ty = "pesde"
index_url = "https://github.com/pesde-pkg/index"

[graph."pesde/rojo@7.6.1 lune".pkg_ref.dependencies]
option = [{ name = "lukadev_0/option", version = "^1.2.1", index = "https://github.com/pesde-pkg/index" }, "standard"]
result = [{ name = "lukadev_0/result", version = "^1.2.1", index = "https://github.com/pesde-pkg/index" }, "standard"]
toolchainlib = [{ name = "pesde/toolchainlib", version = "^0.2.1", index = "https://github.com/pesde-pkg/index", target = "lune" }, "standard"]

[graph."pesde/scripts_core@0.2.0 lune".pkg_ref]
ref_ty = "pesde"
index_url = "https://github.com/pesde-pkg/index"

[graph."pesde/scripts_core@0.2.0 lune".pkg_ref.dependencies]
argon = [{ name = "pesde/argon", version = "^2.0.26", index = "https://github.com/pesde-pkg/index" }, "dev"]
frktest = [{ name = "itsfrank/frktest", version = "^0.0.4", index = "https://github.com/pesde-pkg/index", target = "luau" }, "dev"]
luau-lsp = [{ name = "pesde/luau_lsp", version = "^1.53.5", index = "https://github.com/pesde-pkg/index" }, "dev"]
pathfs = [{ name = "jiwonz/pathfs", version = "^0.6.0", index = "https://github.com/pesde-pkg/index" }, "dev"]
rojo = [{ name = "pesde/rojo", version = "^7.5.1", index = "https://github.com/pesde-pkg/index" }, "dev"]
stylua = [{ name = "pesde/stylua", version = "^2.2.0", index = "https://github.com/pesde-pkg/index" }, "dev"]

[graph."pesde/scripts_rojo@0.2.0 lune"]
direct = ["scripts", { name = "pesde/scripts_rojo", version = "^0.2.0", index = "default", target = "lune" }, "dev"]

[graph."pesde/scripts_rojo@0.2.0 lune".dependencies]
rojo = ["pesde/rojo@7.6.1 lune", "peer"]
scripts_core = ["pesde/scripts_core@0.2.0 lune", "standard"]

[graph."pesde/scripts_rojo@0.2.0 lune".pkg_ref]
ref_ty = "pesde"
index_url = "https://github.com/pesde-pkg/index"

[graph."pesde/scripts_rojo@0.2.0 lune".pkg_ref.dependencies]
rojo = [{ name = "pesde/rojo", version = "^7.5.1", index = "https://github.com/pesde-pkg/index" }, "peer"]
scripts_core = [{ name = "pesde/scripts_core", version = "^0.2.0", index = "https://github.com/pesde-pkg/index", target = "lune" }, "standard"]

[graph."pesde/toolchainlib@0.2.2 lune".dependencies]
dirs = ["jiwonz/dirs@0.6.0 lune", "standard"]
option = ["lukadev_0/option@1.2.1 lune", "peer"]
pathfs = ["jiwonz/pathfs@0.6.0 lune", "standard"]
result = ["lukadev_0/result@1.2.1 lune", "peer"]
unzip = ["0x5eal/unzip@0.2.0 luau", "standard"]

[graph."pesde/toolchainlib@0.2.2 lune".pkg_ref]
ref_ty = "pesde"
index_url = "https://github.com/pesde-pkg/index"

[graph."pesde/toolchainlib@0.2.2 lune".pkg_ref.dependencies]
dirs = [{ name = "jiwonz/dirs", version = "^0.6.0", index = "https://github.com/pesde-pkg/index" }, "standard"]
option = [{ name = "lukadev_0/option", version = "^1.2.1", index = "https://github.com/pesde-pkg/index" }, "peer"]
pathfs = [{ name = "jiwonz/pathfs", version = "^0.6.0", index = "https://github.com/pesde-pkg/index" }, "standard"]
result = [{ name = "lukadev_0/result", version = "^1.2.1", index = "https://github.com/pesde-pkg/index" }, "peer"]
unzip = [{ name = "0x5eal/unzip", version = "^0.2.0", index = "https://github.com/pesde-pkg/index", target = "luau" }, "standard"]

[graph."story_bakery/buffer_builder@0.1.0 roblox".dependencies]
BufferReader = ["story_bakery/buffer_reader@0.1.0 roblox", "standard"]

[graph."story_bakery/buffer_builder@0.1.0 roblox".pkg_ref]
ref_ty = "git"
repo = "https://github.com/StoryBakery/BufferBuilder"
tree_id = "34d9abdcc577e2f53682cf148de9790b96038dd7"
new_structure = true

[graph."story_bakery/buffer_builder@0.1.0 roblox".pkg_ref.dependencies]
BufferReader = [{ repo = "https://github.com/StoryBakery/BufferReader", rev = "main" }, "standard"]
scripts = [{ name = "pesde/scripts_rojo", version = "^0.2.0", index = "https://github.com/pesde-pkg/index", target = "lune" }, "dev"]

[graph."story_bakery/buffer_reader@0.1.0 roblox".pkg_ref]
ref_ty = "git"
repo = "https://github.com/StoryBakery/BufferReader"
tree_id = "33503bcc3a490c4b87d177cca3b9e080997b5d42"
new_structure = true

[graph."story_bakery/buffer_reader@0.1.0 roblox".pkg_ref.dependencies]
scripts = [{ name = "pesde/scripts_rojo", version = "^0.2.0", index = "https://github.com/pesde-pkg/index", target = "lune" }, "dev"]

[graph."story_bakery/dynamic_tween@0.1.0 roblox"]
direct = ["DynamicTween", { repo = "https://github.com/StoryBakery/DynamicTween", rev = "main" }, "standard"]

[graph."story_bakery/dynamic_tween@0.1.0 roblox".dependencies]
LinearInterpolation = ["story_bakery/linear_interpolation@0.1.0 roblox", "standard"]
Maid = ["story_bakery/maid@0.1.0 roblox", "standard"]
MathUtil = ["story_bakery/math_util@0.1.0 roblox", "standard"]
Signal = ["story_bakery/signal@0.1.0 roblox", "standard"]

[graph."story_bakery/dynamic_tween@0.1.0 roblox".pkg_ref]
ref_ty = "git"
repo = "https://github.com/StoryBakery/DynamicTween"
tree_id = "a14043364673ce2714e9fc9c882a7be428a7e001"
new_structure = true

[graph."story_bakery/dynamic_tween@0.1.0 roblox".pkg_ref.dependencies]
LinearInterpolation = [{ repo = "https://github.com/StoryBakery/LinearInterpolation", rev = "main" }, "standard"]
Maid = [{ repo = "https://github.com/StoryBakery/Maid", rev = "main" }, "standard"]
MathUtil = [{ repo = "https://github.com/StoryBakery/MathUtil", rev = "main" }, "standard"]
scripts = [{ name = "pesde/scripts_rojo", version = "^0.2.0", index = "https://github.com/pesde-pkg/index", target = "lune" }, "dev"]
Signal = [{ repo = "https://github.com/StoryBakery/Signal", rev = "main" }, "standard"]

[graph."story_bakery/linear_interpolation@0.1.0 roblox".pkg_ref]
ref_ty = "git"
repo = "https://github.com/StoryBakery/LinearInterpolation"
tree_id = "b05bc9c3ceebed54536988a755d2c7243be0a851"
new_structure = true

[graph."story_bakery/linear_interpolation@0.1.0 roblox".pkg_ref.dependencies]
scripts = [{ name = "pesde/scripts_rojo", version = "^0.2.0", index = "https://github.com/pesde-pkg/index", target = "lune" }, "dev"]

[graph."story_bakery/maid@0.1.0 roblox"]
direct = ["Maid", { repo = "https://github.com/StoryBakery/Maid", rev = "main" }, "standard"]

[graph."story_bakery/maid@0.1.0 roblox".dependencies]
Signal = ["story_bakery/signal@0.1.0 roblox", "standard"]

[graph."story_bakery/maid@0.1.0 roblox".pkg_ref]
ref_ty = "git"
repo = "https://github.com/StoryBakery/Maid"
tree_id = "5c9c160133db2eb8db79b55f2b9eb67d3241d2ff"
new_structure = true

[graph."story_bakery/maid@0.1.0 roblox".pkg_ref.dependencies]
scripts = [{ name = "pesde/scripts_rojo", version = "^0.2.0", index = "https://github.com/pesde-pkg/index", target = "lune" }, "dev"]
Signal = [{ repo = "https://github.com/StoryBakery/Signal", rev = "main" }, "standard"]

[graph."story_bakery/math_util@0.1.0 roblox".pkg_ref]
ref_ty = "git"
repo = "https://github.com/StoryBakery/MathUtil"
tree_id = "48871122249bc45d4c73b7260cdb21346d4e46ca"
new_structure = true

[graph."story_bakery/math_util@0.1.0 roblox".pkg_ref.dependencies]
scripts = [{ name = "pesde/scripts_rojo", version = "^0.2.0", index = "https://github.com/pesde-pkg/index", target = "lune" }, "dev"]

[graph."story_bakery/replicated_instance_id@0.1.0 roblox".dependencies]
base91 = ["wally#dekkonot/base91@1.1.0 roblox", "standard"]
promise = ["wally#evaera/promise@4.0.0 roblox", "standard"]

[graph."story_bakery/replicated_instance_id@0.1.0 roblox".pkg_ref]
ref_ty = "git"
repo = "https://github.com/StoryBakery/ReplicatedInstanceId"
tree_id = "25a112efaada1a88d82d5ca8ef1938f193f04eec"
new_structure = true

[graph."story_bakery/replicated_instance_id@0.1.0 roblox".pkg_ref.dependencies]
base91 = [{ wally = "wally#dekkonot/base91", version = "^1.1.0", index = "https://github.com/UpliftGames/wally-index" }, "standard"]
promise = [{ wally = "wally#evaera/promise", version = "^4.0.0", index = "https://github.com/UpliftGames/wally-index" }, "standard"]
scripts = [{ name = "pesde/scripts_rojo", version = "^0.2.0", index = "https://github.com/pesde-pkg/index", target = "lune" }, "dev"]

[graph."story_bakery/signal@0.1.0 roblox"]
direct = ["Signal", { repo = "https://github.com/StoryBakery/Signal", rev = "main" }, "standard"]

[graph."story_bakery/signal@0.1.0 roblox".pkg_ref]
ref_ty = "git"
repo = "https://github.com/StoryBakery/Signal"
tree_id = "36c0b436c5c930f06dac1ceada61976ca5f812c8"
new_structure = true

[graph."story_bakery/signal@0.1.0 roblox".pkg_ref.dependencies]
scripts = [{ name = "pesde/scripts_rojo", version = "^0.2.0", index = "https://github.com/pesde-pkg/index", target = "lune" }, "dev"]

[graph."story_bakery/table_util@0.1.0 roblox".pkg_ref]
ref_ty = "git"
repo = "https://github.com/StoryBakery/TableUtil"
tree_id = "4c0e3dcd3a6765b702b245552ce3db363163abe6"
new_structure = true

[graph."story_bakery/table_util@0.1.0 roblox".pkg_ref.dependencies]
scripts = [{ name = "pesde/scripts_rojo", version = "^0.2.0", index = "https://github.com/pesde-pkg/index", target = "lune" }, "dev"]

[graph."story_bakery/type_infos@0.1.0 roblox".dependencies]
ReplicatedInstanceId = ["story_bakery/replicated_instance_id@0.1.0 roblox", "standard"]
TableUtil = ["story_bakery/table_util@0.1.0 roblox", "standard"]

[graph."story_bakery/type_infos@0.1.0 roblox".pkg_ref]
ref_ty = "git"
repo = "https://github.com/StoryBakery/TypeInfos"
tree_id = "21a48de9a115614dc70f452cc18e89a87c2a8466"
new_structure = true

[graph."story_bakery/type_infos@0.1.0 roblox".pkg_ref.dependencies]
ReplicatedInstanceId = [{ repo = "https://github.com/StoryBakery/ReplicatedInstanceId", rev = "main" }, "standard"]
scripts = [{ name = "pesde/scripts_rojo", version = "^0.2.0", index = "https://github.com/pesde-pkg/index", target = "lune" }, "dev"]
TableUtil = [{ repo = "https://github.com/StoryBakery/TableUtil", rev = "main" }, "standard"]

[graph."story_bakery/value_by_priority@0.1.0 roblox"]
direct = ["ValueByPriority", { repo = "https://github.com/StoryBakery/ValueByPriority", rev = "main" }, "standard"]

[graph."story_bakery/value_by_priority@0.1.0 roblox".dependencies]
BufferBuilder = ["story_bakery/buffer_builder@0.1.0 roblox", "standard"]
BufferReader = ["story_bakery/buffer_reader@0.1.0 roblox", "standard"]
LinearInterpolation = ["story_bakery/linear_interpolation@0.1.0 roblox", "standard"]
Maid = ["story_bakery/maid@0.1.0 roblox", "standard"]
ReplicatedInstanceId = ["story_bakery/replicated_instance_id@0.1.0 roblox", "standard"]
Signal = ["story_bakery/signal@0.1.0 roblox", "standard"]
TableUtil = ["story_bakery/table_util@0.1.0 roblox", "standard"]
TypeInfos = ["story_bakery/type_infos@0.1.0 roblox", "standard"]

[graph."story_bakery/value_by_priority@0.1.0 roblox".pkg_ref]
ref_ty = "git"
repo = "https://github.com/StoryBakery/ValueByPriority"
tree_id = "12f191ece594f72aad34d81f885390d61518ff47"
new_structure = true

[graph."story_bakery/value_by_priority@0.1.0 roblox".pkg_ref.dependencies]
BufferBuilder = [{ repo = "https://github.com/StoryBakery/BufferBuilder", rev = "main" }, "standard"]
BufferReader = [{ repo = "https://github.com/StoryBakery/BufferReader", rev = "main" }, "standard"]
LinearInterpolation = [{ repo = "https://github.com/StoryBakery/LinearInterpolation", rev = "main" }, "standard"]
Maid = [{ repo = "https://github.com/StoryBakery/Maid", rev = "main" }, "standard"]
ReplicatedInstanceId = [{ repo = "https://github.com/StoryBakery/ReplicatedInstanceId", rev = "main" }, "standard"]
scripts = [{ name = "pesde/scripts_rojo", version = "^0.2.0", index = "https://github.com/pesde-pkg/index", target = "lune" }, "dev"]
Signal = [{ repo = "https://github.com/StoryBakery/Signal", rev = "main" }, "standard"]
TableUtil = [{ repo = "https://github.com/StoryBakery/TableUtil", rev = "main" }, "standard"]
TypeInfos = [{ repo = "https://github.com/StoryBakery/TypeInfos", rev = "main" }, "standard"]

[graph."wally#dekkonot/base91@1.1.0 roblox".pkg_ref]
ref_ty = "wally"
index_url = "https://github.com/UpliftGames/wally-index"

[graph."wally#evaera/promise@4.0.0 roblox"]
direct = ["Promise", { wally = "wally#evaera/promise", version = "^4.0.0", index = "default" }, "standard"]

[graph."wally#evaera/promise@4.0.0 roblox".pkg_ref]
ref_ty = "wally"
index_url = "https://github.com/UpliftGames/wally-index"
